// !$*UTF8*$!
{
	archiveVersion = 1;
	classes = {
	};
	objectVersion = 52;
	objects = {

/* Begin PBXBuildFile section */
		8E0A43AD244A4A0400656518 /* Constants.swift in Sources */ = {isa = PBXBuildFile; fileRef = 8E0A4384244A4A0400656518 /* Constants.swift */; };
		8E0A43AF244A4A0400656518 /* Assets.xcassets in Resources */ = {isa = PBXBuildFile; fileRef = 8E0A4388244A4A0400656518 /* Assets.xcassets */; };
		8E0A43B0244A4A0400656518 /* LaunchScreen.storyboard in Resources */ = {isa = PBXBuildFile; fileRef = 8E0A4389244A4A0400656518 /* LaunchScreen.storyboard */; };
		8E0A43B3244A4A0400656518 /* StudyTasks.swift in Sources */ = {isa = PBXBuildFile; fileRef = 8E0A438F244A4A0400656518 /* StudyTasks.swift */; };
		8E0A43B5244A4A0400656518 /* StudyTableItem.swift in Sources */ = {isa = PBXBuildFile; fileRef = 8E0A4391244A4A0400656518 /* StudyTableItem.swift */; };
		8E0A43B9244A4A0400656518 /* AppDelegate.swift in Sources */ = {isa = PBXBuildFile; fileRef = 8E0A4396244A4A0400656518 /* AppDelegate.swift */; };
		8E0A43BE244A4A0400656518 /* CKHealthDataStepViewController.swift in Sources */ = {isa = PBXBuildFile; fileRef = 8E0A439D244A4A0400656518 /* CKHealthDataStepViewController.swift */; };
		8E0A43C0244A4A0400656518 /* PasswordlessLoginStep.swift in Sources */ = {isa = PBXBuildFile; fileRef = 8E0A439F244A4A0400656518 /* PasswordlessLoginStep.swift */; };
		8E0A43C1244A4A0400656518 /* LoginCustomWaitStepView.xib in Resources */ = {isa = PBXBuildFile; fileRef = 8E0A43A1244A4A0400656518 /* LoginCustomWaitStepView.xib */; };
		8E0A43C3244A4A0400656518 /* LoginCustomWaitStepViewController.swift in Sources */ = {isa = PBXBuildFile; fileRef = 8E0A43A3244A4A0400656518 /* LoginCustomWaitStepViewController.swift */; };
		8E0A43D5244A693D00656518 /* HealthKit.framework in Frameworks */ = {isa = PBXBuildFile; fileRef = 8E0A43D4244A693D00656518 /* HealthKit.framework */; };
		8EBE6F9C24B3C0E60093D07C /* AppDelegate+CardinalKit.swift in Sources */ = {isa = PBXBuildFile; fileRef = 8EBE6F9B24B3C0E60093D07C /* AppDelegate+CardinalKit.swift */; };
		A04B9C59250D8D1F006D0D3F /* UIData.swift in Sources */ = {isa = PBXBuildFile; fileRef = A04B9C58250D8D1F006D0D3F /* UIData.swift */; };
		A04B9C5B250D9162006D0D3F /* WelcomeNotificationView.swift in Sources */ = {isa = PBXBuildFile; fileRef = A04B9C5A250D9162006D0D3F /* WelcomeNotificationView.swift */; };
		A04B9C5F250E9597006D0D3F /* StatisticsView.swift in Sources */ = {isa = PBXBuildFile; fileRef = A04B9C5E250E9597006D0D3F /* StatisticsView.swift */; };
		A04B9C61250E96DE006D0D3F /* StatisticsBubble.swift in Sources */ = {isa = PBXBuildFile; fileRef = A04B9C60250E96DE006D0D3F /* StatisticsBubble.swift */; };
		A04B9C63250E9B57006D0D3F /* DetailGraphView.swift in Sources */ = {isa = PBXBuildFile; fileRef = A04B9C62250E9B57006D0D3F /* DetailGraphView.swift */; };
		CFC78D74A65150BD60DB05F8 /* Pods_Cognostic.framework in Frameworks */ = {isa = PBXBuildFile; fileRef = 24DE60C64367F51D20338349 /* Pods_Cognostic.framework */; };
		D2093CCA250EC8FF001583A8 /* PlainNavigationLink.swift in Sources */ = {isa = PBXBuildFile; fileRef = D2093CC9250EC8FF001583A8 /* PlainNavigationLink.swift */; };
		D244F4F7261ACB7A0027D011 /* CareKitContactViews.swift in Sources */ = {isa = PBXBuildFile; fileRef = D244F4F6261ACB7A0027D011 /* CareKitContactViews.swift */; };
		D244F562261B8EBA0027D011 /* CurrentDate.swift in Sources */ = {isa = PBXBuildFile; fileRef = D244F561261B8EBA0027D011 /* CurrentDate.swift */; };
		D244F564261B934B0027D011 /* ProfileDataLoader.swift in Sources */ = {isa = PBXBuildFile; fileRef = D244F563261B934B0027D011 /* ProfileDataLoader.swift */; };
		D24ED841260BAA27004A454F /* EFStorageUserDefaults in Frameworks */ = {isa = PBXBuildFile; productRef = D24ED840260BAA27004A454F /* EFStorageUserDefaults */; };
		D24ED844260C01B0004A454F /* SettingsView.swift in Sources */ = {isa = PBXBuildFile; fileRef = D24ED843260C01B0004A454F /* SettingsView.swift */; };
		D253D115250CA2FF00A363E4 /* ProfileView.swift in Sources */ = {isa = PBXBuildFile; fileRef = D253D114250CA2FF00A363E4 /* ProfileView.swift */; };
		D253D117250CA73100A363E4 /* ChangePasscodeView.swift in Sources */ = {isa = PBXBuildFile; fileRef = D253D116250CA73100A363E4 /* ChangePasscodeView.swift */; };
		D253D119250CA7C400A363E4 /* PasscodeVC.swift in Sources */ = {isa = PBXBuildFile; fileRef = D253D118250CA7C400A363E4 /* PasscodeVC.swift */; };
		D253D11D250CAAD200A363E4 /* WebsiteView.swift in Sources */ = {isa = PBXBuildFile; fileRef = D253D11C250CAAD200A363E4 /* WebsiteView.swift */; };
		D253D11F250CAC8E00A363E4 /* ConsentDocumentView.swift in Sources */ = {isa = PBXBuildFile; fileRef = D253D11E250CAC8E00A363E4 /* ConsentDocumentView.swift */; };
		D253D123250CB31F00A363E4 /* WithdrawView.swift in Sources */ = {isa = PBXBuildFile; fileRef = D253D122250CB31F00A363E4 /* WithdrawView.swift */; };
		D253D125250CB3AF00A363E4 /* EmailView.swift in Sources */ = {isa = PBXBuildFile; fileRef = D253D124250CB3AF00A363E4 /* EmailView.swift */; };
		D253D127250CB57600A363E4 /* WithdrawalVC.swift in Sources */ = {isa = PBXBuildFile; fileRef = D253D126250CB57600A363E4 /* WithdrawalVC.swift */; };
		D253D129250CBF2800A363E4 /* PhoneView.swift in Sources */ = {isa = PBXBuildFile; fileRef = D253D128250CBF2800A363E4 /* PhoneView.swift */; };
		D253D12B250CD16400A363E4 /* PageView.swift in Sources */ = {isa = PBXBuildFile; fileRef = D253D12A250CD16400A363E4 /* PageView.swift */; };
		D253D12D250CF9C400A363E4 /* CKSignInWithAppleStep.swift in Sources */ = {isa = PBXBuildFile; fileRef = D253D12C250CF9C400A363E4 /* CKSignInWithAppleStep.swift */; };
		D2752F45261CEFAD0083AF27 /* Image+SFSymbol.swift in Sources */ = {isa = PBXBuildFile; fileRef = D2752F44261CEFAD0083AF27 /* Image+SFSymbol.swift */; };
		D2752F48261CFD8B0083AF27 /* AcknowList in Frameworks */ = {isa = PBXBuildFile; productRef = D2752F47261CFD8B0083AF27 /* AcknowList */; };
		D2752F4C261D07C30083AF27 /* AcknowledgementsView.swift in Sources */ = {isa = PBXBuildFile; fileRef = D2752F4B261D07C30083AF27 /* AcknowledgementsView.swift */; };
		D2752F4E261D13C60083AF27 /* Package.resolved in Resources */ = {isa = PBXBuildFile; fileRef = D2752F4D261D13C60083AF27 /* Package.resolved */; };
		D283AAF326094C8900637663 /* CKConfig.swift in Sources */ = {isa = PBXBuildFile; fileRef = D283AADB26094C8900637663 /* CKConfig.swift */; };
		D283AAF426094C8900637663 /* CKPropertyReader.swift in Sources */ = {isa = PBXBuildFile; fileRef = D283AADC26094C8900637663 /* CKPropertyReader.swift */; };
		D283AAF526094C8900637663 /* CKTaskViewController.swift in Sources */ = {isa = PBXBuildFile; fileRef = D283AADE26094C8900637663 /* CKTaskViewController.swift */; };
		D283AAF626094C8900637663 /* ORKESerialization.m in Sources */ = {isa = PBXBuildFile; fileRef = D283AADF26094C8900637663 /* ORKESerialization.m */; };
		D283AAF726094C8900637663 /* ConsentDocument.swift in Sources */ = {isa = PBXBuildFile; fileRef = D283AAE126094C8900637663 /* ConsentDocument.swift */; };
		D283AAF826094C8900637663 /* CKUploadToGCPTaskViewControllerDelegate.swift in Sources */ = {isa = PBXBuildFile; fileRef = D283AAE226094C8900637663 /* CKUploadToGCPTaskViewControllerDelegate.swift */; };
		D283AAF926094C8900637663 /* CKStudyUser.swift in Sources */ = {isa = PBXBuildFile; fileRef = D283AAE426094C8900637663 /* CKStudyUser.swift */; };
		D283AAFA26094C8900637663 /* CKHealthRecordsManager.swift in Sources */ = {isa = PBXBuildFile; fileRef = D283AAE626094C8900637663 /* CKHealthRecordsManager.swift */; };
		D283AAFB26094C8900637663 /* CKHealthKitManager.swift in Sources */ = {isa = PBXBuildFile; fileRef = D283AAE726094C8900637663 /* CKHealthKitManager.swift */; };
		D283AAFC26094C8900637663 /* CKNetworkManager.swift in Sources */ = {isa = PBXBuildFile; fileRef = D283AAE926094C8900637663 /* CKNetworkManager.swift */; };
		D283AAFD26094C8900637663 /* CKSendHelper.swift in Sources */ = {isa = PBXBuildFile; fileRef = D283AAEA26094C8900637663 /* CKSendHelper.swift */; };
		D283AAFE26094C8900637663 /* Extensions+UIColor.swift in Sources */ = {isa = PBXBuildFile; fileRef = D283AAEB26094C8900637663 /* Extensions+UIColor.swift */; };
		D283AAFF26094C8900637663 /* EmailHelper.swift in Sources */ = {isa = PBXBuildFile; fileRef = D283AAEC26094C8900637663 /* EmailHelper.swift */; };
		D283AB0026094C8900637663 /* CKCareKitManager+Sample.swift in Sources */ = {isa = PBXBuildFile; fileRef = D283AAEE26094C8900637663 /* CKCareKitManager+Sample.swift */; };
		D283AB0126094C8900637663 /* CKCareKitRemoteSyncWithFirestore.swift in Sources */ = {isa = PBXBuildFile; fileRef = D283AAEF26094C8900637663 /* CKCareKitRemoteSyncWithFirestore.swift */; };
		D283AB0226094C8900637663 /* CKCareKitManager.swift in Sources */ = {isa = PBXBuildFile; fileRef = D283AAF026094C8900637663 /* CKCareKitManager.swift */; };
		D283AB0326094C8900637663 /* Errors.swift in Sources */ = {isa = PBXBuildFile; fileRef = D283AAF126094C8900637663 /* Errors.swift */; };
		D283AB0426094C8900637663 /* Metrics.swift in Sources */ = {isa = PBXBuildFile; fileRef = D283AAF226094C8900637663 /* Metrics.swift */; };
		D283AB152609586500637663 /* SceneDelegate+CardinalKit.swift in Sources */ = {isa = PBXBuildFile; fileRef = D283AB112609586500637663 /* SceneDelegate+CardinalKit.swift */; };
		D283AB19260A0B7100637663 /* CKHealthRecordsStepViewController.swift in Sources */ = {isa = PBXBuildFile; fileRef = D283AB18260A0B7100637663 /* CKHealthRecordsStepViewController.swift */; };
		D286EC97250DC02F00815EED /* LaunchContainerView.swift in Sources */ = {isa = PBXBuildFile; fileRef = D286EC96250DC02F00815EED /* LaunchContainerView.swift */; };
		D286ECB6250DE9EF00815EED /* PlainList.swift in Sources */ = {isa = PBXBuildFile; fileRef = D286ECB5250DE9EF00815EED /* PlainList.swift */; };
		D286ECB8250E087F00815EED /* HomeView.swift in Sources */ = {isa = PBXBuildFile; fileRef = D286ECB7250E087F00815EED /* HomeView.swift */; };
		D286ECBC250E0A1500815EED /* ActivitiesView.swift in Sources */ = {isa = PBXBuildFile; fileRef = D286ECBB250E0A1500815EED /* ActivitiesView.swift */; };
		D286ECBE250E0A4800815EED /* StudyItem.swift in Sources */ = {isa = PBXBuildFile; fileRef = D286ECBD250E0A4800815EED /* StudyItem.swift */; };
		D286ECC0250E0A6500815EED /* DocumentPreview.swift in Sources */ = {isa = PBXBuildFile; fileRef = D286ECBF250E0A6500815EED /* DocumentPreview.swift */; };
		D286ECC3250E0ABF00815EED /* TaskVC.swift in Sources */ = {isa = PBXBuildFile; fileRef = D286ECC2250E0ABF00815EED /* TaskVC.swift */; };
		D286ECC5250E0E0700815EED /* Extensions.swift in Sources */ = {isa = PBXBuildFile; fileRef = D286ECC4250E0E0700815EED /* Extensions.swift */; };
		D28BBAD8261A915A0074C560 /* CareTeamViewControllerRepresentable.swift in Sources */ = {isa = PBXBuildFile; fileRef = D28BBAD1261A91590074C560 /* CareTeamViewControllerRepresentable.swift */; };
		D28BBAD9261A915A0074C560 /* ScheduleViewController.swift in Sources */ = {isa = PBXBuildFile; fileRef = D28BBAD3261A915A0074C560 /* ScheduleViewController.swift */; };
		D28BBADA261A915A0074C560 /* ScheduleViewControllerRepresentable.swift in Sources */ = {isa = PBXBuildFile; fileRef = D28BBAD4261A915A0074C560 /* ScheduleViewControllerRepresentable.swift */; };
		D28BBADB261A915A0074C560 /* TipView.swift in Sources */ = {isa = PBXBuildFile; fileRef = D28BBAD6261A915A0074C560 /* TipView.swift */; };
		D28BBADC261A915A0074C560 /* SurveyItemViewController.swift in Sources */ = {isa = PBXBuildFile; fileRef = D28BBAD7261A915A0074C560 /* SurveyItemViewController.swift */; };
		D2A725D32633A81C00298FF4 /* Pods-Cognostic-acknowledgements.plist in Resources */ = {isa = PBXBuildFile; fileRef = D2A725D22633A81C00298FF4 /* Pods-Cognostic-acknowledgements.plist */; };
		D2B2A0CB261BB14600A9A790 /* CareKitFHIR in Frameworks */ = {isa = PBXBuildFile; productRef = D2B2A0CA261BB14600A9A790 /* CareKitFHIR */; };
		D2B2A0CD261BB14600A9A790 /* CareKit in Frameworks */ = {isa = PBXBuildFile; productRef = D2B2A0CC261BB14600A9A790 /* CareKit */; };
		D2B2A0CF261BB14600A9A790 /* CareKitStore in Frameworks */ = {isa = PBXBuildFile; productRef = D2B2A0CE261BB14600A9A790 /* CareKitStore */; };
		D2B2A0D1261BB14600A9A790 /* CareKitUI in Frameworks */ = {isa = PBXBuildFile; productRef = D2B2A0D0261BB14600A9A790 /* CareKitUI */; };
		D2BF1B7E260AB3D200B28CDC /* EFStorageKeychainAccess in Frameworks */ = {isa = PBXBuildFile; productRef = D2BF1B7D260AB3D200B28CDC /* EFStorageKeychainAccess */; };
		D2E95303261D2F8B00BD147B /* List+GroupedStyle.swift in Sources */ = {isa = PBXBuildFile; fileRef = D2E95302261D2F8B00BD147B /* List+GroupedStyle.swift */; };
		D2E95305261D317600BD147B /* SpecialThanksView.swift in Sources */ = {isa = PBXBuildFile; fileRef = D2E95304261D317600BD147B /* SpecialThanksView.swift */; };
		E235077724F7082700CC1899 /* SceneDelegate.swift in Sources */ = {isa = PBXBuildFile; fileRef = E235077624F7082700CC1899 /* SceneDelegate.swift */; };
		E290FB1D24FF4BBA00D19BE9 /* GoogleService-Info.plist in Resources */ = {isa = PBXBuildFile; fileRef = E290FB1C24FF4BBA00D19BE9 /* GoogleService-Info.plist */; };
		E29143FC24E74AD100EE97B2 /* OnboardingUI.swift in Sources */ = {isa = PBXBuildFile; fileRef = E29143FB24E74AD100EE97B2 /* OnboardingUI.swift */; };
		E2DF9F062500B9F000A93B93 /* LoginStep.swift in Sources */ = {isa = PBXBuildFile; fileRef = E2DF9F052500B9F000A93B93 /* LoginStep.swift */; };
		E2DF9F0A2500C9CE00A93B93 /* LoginViewController.swift in Sources */ = {isa = PBXBuildFile; fileRef = E2DF9F092500C9CE00A93B93 /* LoginViewController.swift */; };
		E2F1FD7824D62064006C39DF /* CKConfiguration.plist in Resources */ = {isa = PBXBuildFile; fileRef = E2F1FD7724D62064006C39DF /* CKConfiguration.plist */; };
		F7962D8C261E3E5C00DA30B1 /* CareKitChartViews.swift in Sources */ = {isa = PBXBuildFile; fileRef = F7962D8B261E3E5C00DA30B1 /* CareKitChartViews.swift */; };
/* End PBXBuildFile section */

/* Begin PBXFileReference section */
		07D78DA16FC9C3C7709EA243 /* LICENSE */ = {isa = PBXFileReference; includeInIndex = 1; lastKnownFileType = text; name = LICENSE; path = ../CardinalKit/LICENSE; sourceTree = "<group>"; };
		24DE60C64367F51D20338349 /* Pods_Cognostic.framework */ = {isa = PBXFileReference; explicitFileType = wrapper.framework; includeInIndex = 0; path = Pods_Cognostic.framework; sourceTree = BUILT_PRODUCTS_DIR; };
		41DC264876E45FE5A3FD8701 /* README.md */ = {isa = PBXFileReference; includeInIndex = 1; lastKnownFileType = net.daringfireball.markdown; name = README.md; path = ../CardinalKit/README.md; sourceTree = "<group>"; };
		607FACD01AFB9204008FA782 /* Cognostic.app */ = {isa = PBXFileReference; explicitFileType = wrapper.application; includeInIndex = 0; path = Cognostic.app; sourceTree = BUILT_PRODUCTS_DIR; };
		62AA5CD1C2188D392530510F /* CardinalKit.podspec */ = {isa = PBXFileReference; includeInIndex = 1; lastKnownFileType = text; name = CardinalKit.podspec; path = ../CardinalKit.podspec; sourceTree = "<group>"; xcLanguageSpecificationIdentifier = xcode.lang.ruby; };
		84B1BC9619F880C84FC5CF25 /* Pods-Cognostic.release.xcconfig */ = {isa = PBXFileReference; includeInIndex = 1; lastKnownFileType = text.xcconfig; name = "Pods-Cognostic.release.xcconfig"; path = "Target Support Files/Pods-Cognostic/Pods-Cognostic.release.xcconfig"; sourceTree = "<group>"; };
		8E0A4378244A4A0300656518 /* Cognostic-Bridging-Header.h */ = {isa = PBXFileReference; lastKnownFileType = sourcecode.c.h; path = "Cognostic-Bridging-Header.h"; sourceTree = "<group>"; };
		8E0A4384244A4A0400656518 /* Constants.swift */ = {isa = PBXFileReference; fileEncoding = 4; lastKnownFileType = sourcecode.swift; path = Constants.swift; sourceTree = "<group>"; };
		8E0A4388244A4A0400656518 /* Assets.xcassets */ = {isa = PBXFileReference; lastKnownFileType = folder.assetcatalog; path = Assets.xcassets; sourceTree = "<group>"; };
		8E0A438A244A4A0400656518 /* Base */ = {isa = PBXFileReference; lastKnownFileType = file.storyboard; name = Base; path = Base.lproj/LaunchScreen.storyboard; sourceTree = "<group>"; };
		8E0A438B244A4A0400656518 /* Cognostic.entitlements */ = {isa = PBXFileReference; fileEncoding = 4; lastKnownFileType = text.plist.entitlements; path = Cognostic.entitlements; sourceTree = "<group>"; };
		8E0A438F244A4A0400656518 /* StudyTasks.swift */ = {isa = PBXFileReference; fileEncoding = 4; lastKnownFileType = sourcecode.swift; path = StudyTasks.swift; sourceTree = "<group>"; };
		8E0A4391244A4A0400656518 /* StudyTableItem.swift */ = {isa = PBXFileReference; fileEncoding = 4; lastKnownFileType = sourcecode.swift; path = StudyTableItem.swift; sourceTree = "<group>"; };
		8E0A4396244A4A0400656518 /* AppDelegate.swift */ = {isa = PBXFileReference; fileEncoding = 4; lastKnownFileType = sourcecode.swift; path = AppDelegate.swift; sourceTree = "<group>"; };
		8E0A439D244A4A0400656518 /* CKHealthDataStepViewController.swift */ = {isa = PBXFileReference; fileEncoding = 4; lastKnownFileType = sourcecode.swift; path = CKHealthDataStepViewController.swift; sourceTree = "<group>"; };
		8E0A439F244A4A0400656518 /* PasswordlessLoginStep.swift */ = {isa = PBXFileReference; fileEncoding = 4; lastKnownFileType = sourcecode.swift; path = PasswordlessLoginStep.swift; sourceTree = "<group>"; };
		8E0A43A1244A4A0400656518 /* LoginCustomWaitStepView.xib */ = {isa = PBXFileReference; fileEncoding = 4; lastKnownFileType = file.xib; path = LoginCustomWaitStepView.xib; sourceTree = "<group>"; };
		8E0A43A3244A4A0400656518 /* LoginCustomWaitStepViewController.swift */ = {isa = PBXFileReference; fileEncoding = 4; lastKnownFileType = sourcecode.swift; path = LoginCustomWaitStepViewController.swift; sourceTree = "<group>"; };
		8E0A43C9244A4C6500656518 /* Info.plist */ = {isa = PBXFileReference; fileEncoding = 4; lastKnownFileType = text.plist.xml; path = Info.plist; sourceTree = "<group>"; };
		8E0A43D4244A693D00656518 /* HealthKit.framework */ = {isa = PBXFileReference; lastKnownFileType = wrapper.framework; name = HealthKit.framework; path = System/Library/Frameworks/HealthKit.framework; sourceTree = SDKROOT; };
		8EBE6F9B24B3C0E60093D07C /* AppDelegate+CardinalKit.swift */ = {isa = PBXFileReference; lastKnownFileType = sourcecode.swift; path = "AppDelegate+CardinalKit.swift"; sourceTree = "<group>"; };
		A04B9C58250D8D1F006D0D3F /* UIData.swift */ = {isa = PBXFileReference; lastKnownFileType = sourcecode.swift; path = UIData.swift; sourceTree = "<group>"; };
		A04B9C5A250D9162006D0D3F /* WelcomeNotificationView.swift */ = {isa = PBXFileReference; lastKnownFileType = sourcecode.swift; path = WelcomeNotificationView.swift; sourceTree = "<group>"; };
		A04B9C5E250E9597006D0D3F /* StatisticsView.swift */ = {isa = PBXFileReference; lastKnownFileType = sourcecode.swift; path = StatisticsView.swift; sourceTree = "<group>"; };
		A04B9C60250E96DE006D0D3F /* StatisticsBubble.swift */ = {isa = PBXFileReference; lastKnownFileType = sourcecode.swift; path = StatisticsBubble.swift; sourceTree = "<group>"; };
		A04B9C62250E9B57006D0D3F /* DetailGraphView.swift */ = {isa = PBXFileReference; lastKnownFileType = sourcecode.swift; path = DetailGraphView.swift; sourceTree = "<group>"; };
		D2093CC9250EC8FF001583A8 /* PlainNavigationLink.swift */ = {isa = PBXFileReference; lastKnownFileType = sourcecode.swift; path = PlainNavigationLink.swift; sourceTree = "<group>"; };
		D244F4F6261ACB7A0027D011 /* CareKitContactViews.swift */ = {isa = PBXFileReference; lastKnownFileType = sourcecode.swift; path = CareKitContactViews.swift; sourceTree = "<group>"; };
		D244F561261B8EBA0027D011 /* CurrentDate.swift */ = {isa = PBXFileReference; lastKnownFileType = sourcecode.swift; path = CurrentDate.swift; sourceTree = "<group>"; };
		D244F563261B934B0027D011 /* ProfileDataLoader.swift */ = {isa = PBXFileReference; lastKnownFileType = sourcecode.swift; path = ProfileDataLoader.swift; sourceTree = "<group>"; };
		D24ED843260C01B0004A454F /* SettingsView.swift */ = {isa = PBXFileReference; lastKnownFileType = sourcecode.swift; path = SettingsView.swift; sourceTree = "<group>"; };
		D253D114250CA2FF00A363E4 /* ProfileView.swift */ = {isa = PBXFileReference; lastKnownFileType = sourcecode.swift; path = ProfileView.swift; sourceTree = "<group>"; };
		D253D116250CA73100A363E4 /* ChangePasscodeView.swift */ = {isa = PBXFileReference; lastKnownFileType = sourcecode.swift; path = ChangePasscodeView.swift; sourceTree = "<group>"; };
		D253D118250CA7C400A363E4 /* PasscodeVC.swift */ = {isa = PBXFileReference; lastKnownFileType = sourcecode.swift; path = PasscodeVC.swift; sourceTree = "<group>"; };
		D253D11C250CAAD200A363E4 /* WebsiteView.swift */ = {isa = PBXFileReference; lastKnownFileType = sourcecode.swift; path = WebsiteView.swift; sourceTree = "<group>"; };
		D253D11E250CAC8E00A363E4 /* ConsentDocumentView.swift */ = {isa = PBXFileReference; lastKnownFileType = sourcecode.swift; path = ConsentDocumentView.swift; sourceTree = "<group>"; };
		D253D122250CB31F00A363E4 /* WithdrawView.swift */ = {isa = PBXFileReference; lastKnownFileType = sourcecode.swift; path = WithdrawView.swift; sourceTree = "<group>"; };
		D253D124250CB3AF00A363E4 /* EmailView.swift */ = {isa = PBXFileReference; lastKnownFileType = sourcecode.swift; path = EmailView.swift; sourceTree = "<group>"; };
		D253D126250CB57600A363E4 /* WithdrawalVC.swift */ = {isa = PBXFileReference; lastKnownFileType = sourcecode.swift; path = WithdrawalVC.swift; sourceTree = "<group>"; };
		D253D128250CBF2800A363E4 /* PhoneView.swift */ = {isa = PBXFileReference; lastKnownFileType = sourcecode.swift; path = PhoneView.swift; sourceTree = "<group>"; };
		D253D12A250CD16400A363E4 /* PageView.swift */ = {isa = PBXFileReference; lastKnownFileType = sourcecode.swift; path = PageView.swift; sourceTree = "<group>"; };
		D253D12C250CF9C400A363E4 /* CKSignInWithAppleStep.swift */ = {isa = PBXFileReference; lastKnownFileType = sourcecode.swift; path = CKSignInWithAppleStep.swift; sourceTree = "<group>"; };
		D2752F44261CEFAD0083AF27 /* Image+SFSymbol.swift */ = {isa = PBXFileReference; lastKnownFileType = sourcecode.swift; path = "Image+SFSymbol.swift"; sourceTree = "<group>"; };
		D2752F4B261D07C30083AF27 /* AcknowledgementsView.swift */ = {isa = PBXFileReference; lastKnownFileType = sourcecode.swift; path = AcknowledgementsView.swift; sourceTree = "<group>"; };
		D2752F4D261D13C60083AF27 /* Package.resolved */ = {isa = PBXFileReference; lastKnownFileType = text; name = Package.resolved; path = CardinalKit.xcworkspace/xcshareddata/swiftpm/Package.resolved; sourceTree = SOURCE_ROOT; };
		D283AADB26094C8900637663 /* CKConfig.swift */ = {isa = PBXFileReference; fileEncoding = 4; lastKnownFileType = sourcecode.swift; path = CKConfig.swift; sourceTree = "<group>"; };
		D283AADC26094C8900637663 /* CKPropertyReader.swift */ = {isa = PBXFileReference; fileEncoding = 4; lastKnownFileType = sourcecode.swift; path = CKPropertyReader.swift; sourceTree = "<group>"; };
		D283AADE26094C8900637663 /* CKTaskViewController.swift */ = {isa = PBXFileReference; fileEncoding = 4; lastKnownFileType = sourcecode.swift; path = CKTaskViewController.swift; sourceTree = "<group>"; };
		D283AADF26094C8900637663 /* ORKESerialization.m */ = {isa = PBXFileReference; fileEncoding = 4; lastKnownFileType = sourcecode.c.objc; path = ORKESerialization.m; sourceTree = "<group>"; };
		D283AAE026094C8900637663 /* ORKESerialization.h */ = {isa = PBXFileReference; fileEncoding = 4; lastKnownFileType = sourcecode.c.h; path = ORKESerialization.h; sourceTree = "<group>"; };
		D283AAE126094C8900637663 /* ConsentDocument.swift */ = {isa = PBXFileReference; fileEncoding = 4; lastKnownFileType = sourcecode.swift; path = ConsentDocument.swift; sourceTree = "<group>"; };
		D283AAE226094C8900637663 /* CKUploadToGCPTaskViewControllerDelegate.swift */ = {isa = PBXFileReference; fileEncoding = 4; lastKnownFileType = sourcecode.swift; path = CKUploadToGCPTaskViewControllerDelegate.swift; sourceTree = "<group>"; };
		D283AAE426094C8900637663 /* CKStudyUser.swift */ = {isa = PBXFileReference; fileEncoding = 4; lastKnownFileType = sourcecode.swift; path = CKStudyUser.swift; sourceTree = "<group>"; };
		D283AAE626094C8900637663 /* CKHealthRecordsManager.swift */ = {isa = PBXFileReference; fileEncoding = 4; lastKnownFileType = sourcecode.swift; path = CKHealthRecordsManager.swift; sourceTree = "<group>"; };
		D283AAE726094C8900637663 /* CKHealthKitManager.swift */ = {isa = PBXFileReference; fileEncoding = 4; lastKnownFileType = sourcecode.swift; path = CKHealthKitManager.swift; sourceTree = "<group>"; };
		D283AAE926094C8900637663 /* CKNetworkManager.swift */ = {isa = PBXFileReference; fileEncoding = 4; lastKnownFileType = sourcecode.swift; path = CKNetworkManager.swift; sourceTree = "<group>"; };
		D283AAEA26094C8900637663 /* CKSendHelper.swift */ = {isa = PBXFileReference; fileEncoding = 4; lastKnownFileType = sourcecode.swift; path = CKSendHelper.swift; sourceTree = "<group>"; };
		D283AAEB26094C8900637663 /* Extensions+UIColor.swift */ = {isa = PBXFileReference; fileEncoding = 4; lastKnownFileType = sourcecode.swift; path = "Extensions+UIColor.swift"; sourceTree = "<group>"; };
		D283AAEC26094C8900637663 /* EmailHelper.swift */ = {isa = PBXFileReference; fileEncoding = 4; lastKnownFileType = sourcecode.swift; path = EmailHelper.swift; sourceTree = "<group>"; };
		D283AAEE26094C8900637663 /* CKCareKitManager+Sample.swift */ = {isa = PBXFileReference; fileEncoding = 4; lastKnownFileType = sourcecode.swift; path = "CKCareKitManager+Sample.swift"; sourceTree = "<group>"; };
		D283AAEF26094C8900637663 /* CKCareKitRemoteSyncWithFirestore.swift */ = {isa = PBXFileReference; fileEncoding = 4; lastKnownFileType = sourcecode.swift; path = CKCareKitRemoteSyncWithFirestore.swift; sourceTree = "<group>"; };
		D283AAF026094C8900637663 /* CKCareKitManager.swift */ = {isa = PBXFileReference; fileEncoding = 4; lastKnownFileType = sourcecode.swift; path = CKCareKitManager.swift; sourceTree = "<group>"; };
		D283AAF126094C8900637663 /* Errors.swift */ = {isa = PBXFileReference; fileEncoding = 4; lastKnownFileType = sourcecode.swift; path = Errors.swift; sourceTree = "<group>"; };
		D283AAF226094C8900637663 /* Metrics.swift */ = {isa = PBXFileReference; fileEncoding = 4; lastKnownFileType = sourcecode.swift; path = Metrics.swift; sourceTree = "<group>"; };
		D283AB112609586500637663 /* SceneDelegate+CardinalKit.swift */ = {isa = PBXFileReference; fileEncoding = 4; lastKnownFileType = sourcecode.swift; path = "SceneDelegate+CardinalKit.swift"; sourceTree = "<group>"; };
		D283AB18260A0B7100637663 /* CKHealthRecordsStepViewController.swift */ = {isa = PBXFileReference; fileEncoding = 4; lastKnownFileType = sourcecode.swift; path = CKHealthRecordsStepViewController.swift; sourceTree = "<group>"; };
		D286EC96250DC02F00815EED /* LaunchContainerView.swift */ = {isa = PBXFileReference; lastKnownFileType = sourcecode.swift; path = LaunchContainerView.swift; sourceTree = "<group>"; };
		D286ECB5250DE9EF00815EED /* PlainList.swift */ = {isa = PBXFileReference; lastKnownFileType = sourcecode.swift; path = PlainList.swift; sourceTree = "<group>"; };
		D286ECB7250E087F00815EED /* HomeView.swift */ = {isa = PBXFileReference; lastKnownFileType = sourcecode.swift; path = HomeView.swift; sourceTree = "<group>"; };
		D286ECBB250E0A1500815EED /* ActivitiesView.swift */ = {isa = PBXFileReference; lastKnownFileType = sourcecode.swift; path = ActivitiesView.swift; sourceTree = "<group>"; };
		D286ECBD250E0A4800815EED /* StudyItem.swift */ = {isa = PBXFileReference; lastKnownFileType = sourcecode.swift; path = StudyItem.swift; sourceTree = "<group>"; };
		D286ECBF250E0A6500815EED /* DocumentPreview.swift */ = {isa = PBXFileReference; lastKnownFileType = sourcecode.swift; path = DocumentPreview.swift; sourceTree = "<group>"; };
		D286ECC2250E0ABF00815EED /* TaskVC.swift */ = {isa = PBXFileReference; lastKnownFileType = sourcecode.swift; path = TaskVC.swift; sourceTree = "<group>"; };
		D286ECC4250E0E0700815EED /* Extensions.swift */ = {isa = PBXFileReference; lastKnownFileType = sourcecode.swift; path = Extensions.swift; sourceTree = "<group>"; };
		D28BBAD1261A91590074C560 /* CareTeamViewControllerRepresentable.swift */ = {isa = PBXFileReference; fileEncoding = 4; lastKnownFileType = sourcecode.swift; path = CareTeamViewControllerRepresentable.swift; sourceTree = "<group>"; };
		D28BBAD3261A915A0074C560 /* ScheduleViewController.swift */ = {isa = PBXFileReference; fileEncoding = 4; lastKnownFileType = sourcecode.swift; path = ScheduleViewController.swift; sourceTree = "<group>"; };
		D28BBAD4261A915A0074C560 /* ScheduleViewControllerRepresentable.swift */ = {isa = PBXFileReference; fileEncoding = 4; lastKnownFileType = sourcecode.swift; path = ScheduleViewControllerRepresentable.swift; sourceTree = "<group>"; };
		D28BBAD6261A915A0074C560 /* TipView.swift */ = {isa = PBXFileReference; fileEncoding = 4; lastKnownFileType = sourcecode.swift; path = TipView.swift; sourceTree = "<group>"; };
		D28BBAD7261A915A0074C560 /* SurveyItemViewController.swift */ = {isa = PBXFileReference; fileEncoding = 4; lastKnownFileType = sourcecode.swift; path = SurveyItemViewController.swift; sourceTree = "<group>"; };
		D2A725D22633A81C00298FF4 /* Pods-Cognostic-acknowledgements.plist */ = {isa = PBXFileReference; lastKnownFileType = text.plist; name = "Pods-Cognostic-acknowledgements.plist"; path = "Pods/Target Support Files/Pods-Cognostic/Pods-Cognostic-acknowledgements.plist"; sourceTree = SOURCE_ROOT; };
		D2E95302261D2F8B00BD147B /* List+GroupedStyle.swift */ = {isa = PBXFileReference; lastKnownFileType = sourcecode.swift; path = "List+GroupedStyle.swift"; sourceTree = "<group>"; };
		D2E95304261D317600BD147B /* SpecialThanksView.swift */ = {isa = PBXFileReference; lastKnownFileType = sourcecode.swift; path = SpecialThanksView.swift; sourceTree = "<group>"; };
		E235077624F7082700CC1899 /* SceneDelegate.swift */ = {isa = PBXFileReference; lastKnownFileType = sourcecode.swift; path = SceneDelegate.swift; sourceTree = "<group>"; };
		E290FB1C24FF4BBA00D19BE9 /* GoogleService-Info.plist */ = {isa = PBXFileReference; fileEncoding = 4; lastKnownFileType = text.plist.xml; path = "GoogleService-Info.plist"; sourceTree = "<group>"; };
		E29143FB24E74AD100EE97B2 /* OnboardingUI.swift */ = {isa = PBXFileReference; lastKnownFileType = sourcecode.swift; path = OnboardingUI.swift; sourceTree = "<group>"; };
		E2DF9F052500B9F000A93B93 /* LoginStep.swift */ = {isa = PBXFileReference; lastKnownFileType = sourcecode.swift; path = LoginStep.swift; sourceTree = "<group>"; };
		E2DF9F092500C9CE00A93B93 /* LoginViewController.swift */ = {isa = PBXFileReference; lastKnownFileType = sourcecode.swift; path = LoginViewController.swift; sourceTree = "<group>"; };
		E2F1FD7724D62064006C39DF /* CKConfiguration.plist */ = {isa = PBXFileReference; lastKnownFileType = text.plist.xml; path = CKConfiguration.plist; sourceTree = "<group>"; };
		F7962D8B261E3E5C00DA30B1 /* CareKitChartViews.swift */ = {isa = PBXFileReference; lastKnownFileType = sourcecode.swift; path = CareKitChartViews.swift; sourceTree = "<group>"; };
		FEE7C07430DAE66902B2AA79 /* Pods-Cognostic.debug.xcconfig */ = {isa = PBXFileReference; includeInIndex = 1; lastKnownFileType = text.xcconfig; name = "Pods-Cognostic.debug.xcconfig"; path = "Target Support Files/Pods-Cognostic/Pods-Cognostic.debug.xcconfig"; sourceTree = "<group>"; };
/* End PBXFileReference section */

/* Begin PBXFrameworksBuildPhase section */
		607FACCD1AFB9204008FA782 /* Frameworks */ = {
			isa = PBXFrameworksBuildPhase;
			buildActionMask = 2147483647;
			files = (
				D2B2A0CF261BB14600A9A790 /* CareKitStore in Frameworks */,
				D2752F48261CFD8B0083AF27 /* AcknowList in Frameworks */,
				D2B2A0CD261BB14600A9A790 /* CareKit in Frameworks */,
				D2B2A0D1261BB14600A9A790 /* CareKitUI in Frameworks */,
				8E0A43D5244A693D00656518 /* HealthKit.framework in Frameworks */,
				D2BF1B7E260AB3D200B28CDC /* EFStorageKeychainAccess in Frameworks */,
				D24ED841260BAA27004A454F /* EFStorageUserDefaults in Frameworks */,
				D2B2A0CB261BB14600A9A790 /* CareKitFHIR in Frameworks */,
				CFC78D74A65150BD60DB05F8 /* Pods_Cognostic.framework in Frameworks */,
			);
			runOnlyForDeploymentPostprocessing = 0;
		};
/* End PBXFrameworksBuildPhase section */

/* Begin PBXGroup section */
		2C45A885E8BD0CAC5349997A /* Frameworks */ = {
			isa = PBXGroup;
			children = (
				8E0A43D4244A693D00656518 /* HealthKit.framework */,
				24DE60C64367F51D20338349 /* Pods_Cognostic.framework */,
			);
			name = Frameworks;
			sourceTree = "<group>";
		};
		607FACC71AFB9204008FA782 = {
			isa = PBXGroup;
			children = (
				8E0A438B244A4A0400656518 /* Cognostic.entitlements */,
				607FACF51AFB993E008FA782 /* Podspec Metadata */,
				607FACD21AFB9204008FA782 /* CardinalKit-Example */,
				607FACD11AFB9204008FA782 /* Products */,
				A562A578C883F67F0DAE1385 /* Pods */,
				2C45A885E8BD0CAC5349997A /* Frameworks */,
			);
			sourceTree = "<group>";
		};
		607FACD11AFB9204008FA782 /* Products */ = {
			isa = PBXGroup;
			children = (
				607FACD01AFB9204008FA782 /* Cognostic.app */,
			);
			name = Products;
			sourceTree = "<group>";
		};
		607FACD21AFB9204008FA782 /* CardinalKit-Example */ = {
			isa = PBXGroup;
			children = (
				D283AAD926094C8900637663 /* Library */,
				8E0A4383244A4A0400656518 /* Supporting Files */,
				D286EC98250DC03D00815EED /* Setup */,
				8E0A4399244A4A0400656518 /* Onboarding */,
				8E0A438D244A4A0400656518 /* Study */,
				D28BBAD0261A91590074C560 /* Care Team */,
				D28BBAD2261A915A0074C560 /* Schedule */,
				E29143FA24E74AB700EE97B2 /* Dashboard */,
				8E0A4379244A4A0400656518 /* Profile */,
				D24ED842260C01A3004A454F /* Settings */,
				8E0A43C5244A4A5700656518 /* Components */,
			);
			name = "CardinalKit-Example";
			path = CardinalKit;
			sourceTree = "<group>";
		};
		607FACF51AFB993E008FA782 /* Podspec Metadata */ = {
			isa = PBXGroup;
			children = (
				62AA5CD1C2188D392530510F /* CardinalKit.podspec */,
				41DC264876E45FE5A3FD8701 /* README.md */,
				07D78DA16FC9C3C7709EA243 /* LICENSE */,
			);
			name = "Podspec Metadata";
			sourceTree = "<group>";
		};
		8E0A4379244A4A0400656518 /* Profile */ = {
			isa = PBXGroup;
			children = (
				D253D114250CA2FF00A363E4 /* ProfileView.swift */,
				D253D11E250CAC8E00A363E4 /* ConsentDocumentView.swift */,
				D244F563261B934B0027D011 /* ProfileDataLoader.swift */,
			);
			path = Profile;
			sourceTree = "<group>";
		};
		8E0A4383244A4A0400656518 /* Supporting Files */ = {
			isa = PBXGroup;
			children = (
				8E0A4388244A4A0400656518 /* Assets.xcassets */,
				8E0A4389244A4A0400656518 /* LaunchScreen.storyboard */,
				8E0A4384244A4A0400656518 /* Constants.swift */,
				8E0A4378244A4A0300656518 /* Cognostic-Bridging-Header.h */,
				8E0A43C9244A4C6500656518 /* Info.plist */,
				E290FB1C24FF4BBA00D19BE9 /* GoogleService-Info.plist */,
				E2F1FD7724D62064006C39DF /* CKConfiguration.plist */,
				D2A725D22633A81C00298FF4 /* Pods-Cognostic-acknowledgements.plist */,
				D2752F4D261D13C60083AF27 /* Package.resolved */,
			);
			path = "Supporting Files";
			sourceTree = "<group>";
		};
		8E0A438D244A4A0400656518 /* Study */ = {
			isa = PBXGroup;
			children = (
				D286ECBB250E0A1500815EED /* ActivitiesView.swift */,
				D286ECBD250E0A4800815EED /* StudyItem.swift */,
				8E0A438F244A4A0400656518 /* StudyTasks.swift */,
				8E0A4391244A4A0400656518 /* StudyTableItem.swift */,
			);
			path = Study;
			sourceTree = "<group>";
		};
		8E0A4399244A4A0400656518 /* Onboarding */ = {
			isa = PBXGroup;
			children = (
				E29143FB24E74AD100EE97B2 /* OnboardingUI.swift */,
				8E0A439C244A4A0400656518 /* Steps */,
			);
			path = Onboarding;
			sourceTree = "<group>";
		};
		8E0A439C244A4A0400656518 /* Steps */ = {
			isa = PBXGroup;
			children = (
				D286EC94250DBD6100815EED /* PasswordlessLogin */,
				D286EC95250DBD7400815EED /* LoginStep */,
				D253D12C250CF9C400A363E4 /* CKSignInWithAppleStep.swift */,
				8E0A439D244A4A0400656518 /* CKHealthDataStepViewController.swift */,
				D283AB18260A0B7100637663 /* CKHealthRecordsStepViewController.swift */,
			);
			path = Steps;
			sourceTree = "<group>";
		};
		8E0A43A0244A4A0400656518 /* LoginCustomWaitStep */ = {
			isa = PBXGroup;
			children = (
				8E0A43A3244A4A0400656518 /* LoginCustomWaitStepViewController.swift */,
				8E0A43A1244A4A0400656518 /* LoginCustomWaitStepView.xib */,
			);
			path = LoginCustomWaitStep;
			sourceTree = "<group>";
		};
		8E0A43C5244A4A5700656518 /* Components */ = {
			isa = PBXGroup;
			children = (
				D286ECC1250E0A8700815EED /* View */,
				A04B9C58250D8D1F006D0D3F /* UIData.swift */,
				D286ECC4250E0E0700815EED /* Extensions.swift */,
			);
			path = Components;
			sourceTree = "<group>";
		};
		A562A578C883F67F0DAE1385 /* Pods */ = {
			isa = PBXGroup;
			children = (
				FEE7C07430DAE66902B2AA79 /* Pods-Cognostic.debug.xcconfig */,
				84B1BC9619F880C84FC5CF25 /* Pods-Cognostic.release.xcconfig */,
			);
			path = Pods;
			sourceTree = "<group>";
		};
		D24ED842260C01A3004A454F /* Settings */ = {
			isa = PBXGroup;
			children = (
				D24ED843260C01B0004A454F /* SettingsView.swift */,
				D253D118250CA7C400A363E4 /* PasscodeVC.swift */,
				D253D116250CA73100A363E4 /* ChangePasscodeView.swift */,
				D253D11C250CAAD200A363E4 /* WebsiteView.swift */,
				D253D128250CBF2800A363E4 /* PhoneView.swift */,
				D253D124250CB3AF00A363E4 /* EmailView.swift */,
				D253D122250CB31F00A363E4 /* WithdrawView.swift */,
				D253D126250CB57600A363E4 /* WithdrawalVC.swift */,
				D2E95304261D317600BD147B /* SpecialThanksView.swift */,
			);
			path = Settings;
			sourceTree = "<group>";
		};
		D283AAD926094C8900637663 /* Library */ = {
			isa = PBXGroup;
			children = (
				D283AADA26094C8900637663 /* Configuration */,
				D283AADD26094C8900637663 /* ResearchKit */,
				D283AAE326094C8900637663 /* Auth */,
				D283AAE526094C8900637663 /* HealthKit */,
				D283AAE826094C8900637663 /* Networking */,
				D283AAEB26094C8900637663 /* Extensions+UIColor.swift */,
				D283AAEC26094C8900637663 /* EmailHelper.swift */,
				D283AAED26094C8900637663 /* CareKit */,
				D283AAF126094C8900637663 /* Errors.swift */,
				D283AAF226094C8900637663 /* Metrics.swift */,
			);
			path = Library;
			sourceTree = "<group>";
		};
		D283AADA26094C8900637663 /* Configuration */ = {
			isa = PBXGroup;
			children = (
				D283AADB26094C8900637663 /* CKConfig.swift */,
				D283AADC26094C8900637663 /* CKPropertyReader.swift */,
			);
			path = Configuration;
			sourceTree = "<group>";
		};
		D283AADD26094C8900637663 /* ResearchKit */ = {
			isa = PBXGroup;
			children = (
				D283AADE26094C8900637663 /* CKTaskViewController.swift */,
				D283AADF26094C8900637663 /* ORKESerialization.m */,
				D283AAE026094C8900637663 /* ORKESerialization.h */,
				D283AAE126094C8900637663 /* ConsentDocument.swift */,
				D283AAE226094C8900637663 /* CKUploadToGCPTaskViewControllerDelegate.swift */,
			);
			path = ResearchKit;
			sourceTree = "<group>";
		};
		D283AAE326094C8900637663 /* Auth */ = {
			isa = PBXGroup;
			children = (
				D283AAE426094C8900637663 /* CKStudyUser.swift */,
			);
			path = Auth;
			sourceTree = "<group>";
		};
		D283AAE526094C8900637663 /* HealthKit */ = {
			isa = PBXGroup;
			children = (
				D283AAE626094C8900637663 /* CKHealthRecordsManager.swift */,
				D283AAE726094C8900637663 /* CKHealthKitManager.swift */,
			);
			path = HealthKit;
			sourceTree = "<group>";
		};
		D283AAE826094C8900637663 /* Networking */ = {
			isa = PBXGroup;
			children = (
				D283AAE926094C8900637663 /* CKNetworkManager.swift */,
				D283AAEA26094C8900637663 /* CKSendHelper.swift */,
			);
			path = Networking;
			sourceTree = "<group>";
		};
		D283AAED26094C8900637663 /* CareKit */ = {
			isa = PBXGroup;
			children = (
				D283AAEE26094C8900637663 /* CKCareKitManager+Sample.swift */,
				D283AAEF26094C8900637663 /* CKCareKitRemoteSyncWithFirestore.swift */,
				D283AAF026094C8900637663 /* CKCareKitManager.swift */,
			);
			path = CareKit;
			sourceTree = "<group>";
		};
		D286EC94250DBD6100815EED /* PasswordlessLogin */ = {
			isa = PBXGroup;
			children = (
				8E0A439F244A4A0400656518 /* PasswordlessLoginStep.swift */,
				8E0A43A0244A4A0400656518 /* LoginCustomWaitStep */,
			);
			path = PasswordlessLogin;
			sourceTree = "<group>";
		};
		D286EC95250DBD7400815EED /* LoginStep */ = {
			isa = PBXGroup;
			children = (
				E2DF9F052500B9F000A93B93 /* LoginStep.swift */,
				E2DF9F092500C9CE00A93B93 /* LoginViewController.swift */,
			);
			path = LoginStep;
			sourceTree = "<group>";
		};
		D286EC98250DC03D00815EED /* Setup */ = {
			isa = PBXGroup;
			children = (
				8E0A4396244A4A0400656518 /* AppDelegate.swift */,
				8EBE6F9B24B3C0E60093D07C /* AppDelegate+CardinalKit.swift */,
				E235077624F7082700CC1899 /* SceneDelegate.swift */,
				D283AB112609586500637663 /* SceneDelegate+CardinalKit.swift */,
				D286EC96250DC02F00815EED /* LaunchContainerView.swift */,
				D286ECB7250E087F00815EED /* HomeView.swift */,
			);
			path = Setup;
			sourceTree = "<group>";
		};
		D286ECC1250E0A8700815EED /* View */ = {
			isa = PBXGroup;
			children = (
				D253D12A250CD16400A363E4 /* PageView.swift */,
				D286ECB5250DE9EF00815EED /* PlainList.swift */,
				D2093CC9250EC8FF001583A8 /* PlainNavigationLink.swift */,
				D286ECBF250E0A6500815EED /* DocumentPreview.swift */,
				D286ECC2250E0ABF00815EED /* TaskVC.swift */,
				D244F4F6261ACB7A0027D011 /* CareKitContactViews.swift */,
				D244F561261B8EBA0027D011 /* CurrentDate.swift */,
				F7962D8B261E3E5C00DA30B1 /* CareKitChartViews.swift */,
				D2752F44261CEFAD0083AF27 /* Image+SFSymbol.swift */,
				D2752F4B261D07C30083AF27 /* AcknowledgementsView.swift */,
				D2E95302261D2F8B00BD147B /* List+GroupedStyle.swift */,
			);
			path = View;
			sourceTree = "<group>";
		};
		D28BBAD0261A91590074C560 /* Care Team */ = {
			isa = PBXGroup;
			children = (
				D28BBAD1261A91590074C560 /* CareTeamViewControllerRepresentable.swift */,
			);
			path = "Care Team";
			sourceTree = "<group>";
		};
		D28BBAD2261A915A0074C560 /* Schedule */ = {
			isa = PBXGroup;
			children = (
				D28BBAD3261A915A0074C560 /* ScheduleViewController.swift */,
				D28BBAD4261A915A0074C560 /* ScheduleViewControllerRepresentable.swift */,
				D28BBAD5261A915A0074C560 /* Views */,
			);
			path = Schedule;
			sourceTree = "<group>";
		};
		D28BBAD5261A915A0074C560 /* Views */ = {
			isa = PBXGroup;
			children = (
				D28BBAD6261A915A0074C560 /* TipView.swift */,
				D28BBAD7261A915A0074C560 /* SurveyItemViewController.swift */,
			);
			path = Views;
			sourceTree = "<group>";
		};
		E29143FA24E74AB700EE97B2 /* Dashboard */ = {
			isa = PBXGroup;
			children = (
				A04B9C5A250D9162006D0D3F /* WelcomeNotificationView.swift */,
				A04B9C5E250E9597006D0D3F /* StatisticsView.swift */,
				A04B9C60250E96DE006D0D3F /* StatisticsBubble.swift */,
				A04B9C62250E9B57006D0D3F /* DetailGraphView.swift */,
			);
			path = Dashboard;
			sourceTree = "<group>";
		};
/* End PBXGroup section */

/* Begin PBXNativeTarget section */
		607FACCF1AFB9204008FA782 /* Cognostic */ = {
			isa = PBXNativeTarget;
			buildConfigurationList = 607FACEF1AFB9204008FA782 /* Build configuration list for PBXNativeTarget "Cognostic" */;
			buildPhases = (
				8A9C87B89C8DE46EAC03121F /* [CP] Check Pods Manifest.lock */,
				607FACCC1AFB9204008FA782 /* Sources */,
				607FACCD1AFB9204008FA782 /* Frameworks */,
				607FACCE1AFB9204008FA782 /* Resources */,
				8E740AF552D1351413D250C9 /* [CP] Embed Pods Frameworks */,
			);
			buildRules = (
			);
			dependencies = (
			);
			name = Cognostic;
			packageProductDependencies = (
				D2BF1B7D260AB3D200B28CDC /* EFStorageKeychainAccess */,
				D24ED840260BAA27004A454F /* EFStorageUserDefaults */,
				D2B2A0CA261BB14600A9A790 /* CareKitFHIR */,
				D2B2A0CC261BB14600A9A790 /* CareKit */,
				D2B2A0CE261BB14600A9A790 /* CareKitStore */,
				D2B2A0D0261BB14600A9A790 /* CareKitUI */,
				D2752F47261CFD8B0083AF27 /* AcknowList */,
			);
			productName = CardinalKit;
			productReference = 607FACD01AFB9204008FA782 /* Cognostic.app */;
			productType = "com.apple.product-type.application";
		};
/* End PBXNativeTarget section */

/* Begin PBXProject section */
		607FACC81AFB9204008FA782 /* Project object */ = {
			isa = PBXProject;
			attributes = {
				LastSwiftUpdateCheck = 0830;
				LastUpgradeCheck = 1200;
				ORGANIZATIONNAME = Cognostic;
				TargetAttributes = {
					607FACCF1AFB9204008FA782 = {
						CreatedOnToolsVersion = 6.3.1;
						DevelopmentTeam = 2H866F22W7;
						LastSwiftMigration = 1120;
					};
				};
			};
			buildConfigurationList = 607FACCB1AFB9204008FA782 /* Build configuration list for PBXProject "CardinalKit" */;
			compatibilityVersion = "Xcode 3.2";
			developmentRegion = en;
			hasScannedForEncodings = 0;
			knownRegions = (
				en,
				Base,
			);
			mainGroup = 607FACC71AFB9204008FA782;
			packageReferences = (
				D2BF1B7C260AB3D200B28CDC /* XCRemoteSwiftPackageReference "EFStorage" */,
				D2B2A0C9261BB14600A9A790 /* XCRemoteSwiftPackageReference "CareKit" */,
				D2752F46261CFD8B0083AF27 /* XCRemoteSwiftPackageReference "AcknowList" */,
			);
			productRefGroup = 607FACD11AFB9204008FA782 /* Products */;
			projectDirPath = "";
			projectRoot = "";
			targets = (
				607FACCF1AFB9204008FA782 /* Cognostic */,
			);
		};
/* End PBXProject section */

/* Begin PBXResourcesBuildPhase section */
		607FACCE1AFB9204008FA782 /* Resources */ = {
			isa = PBXResourcesBuildPhase;
			buildActionMask = 2147483647;
			files = (
				D2A725D32633A81C00298FF4 /* Pods-Cognostic-acknowledgements.plist in Resources */,
				8E0A43AF244A4A0400656518 /* Assets.xcassets in Resources */,
				8E0A43B0244A4A0400656518 /* LaunchScreen.storyboard in Resources */,
				D2752F4E261D13C60083AF27 /* Package.resolved in Resources */,
				E2F1FD7824D62064006C39DF /* CKConfiguration.plist in Resources */,
				8E0A43C1244A4A0400656518 /* LoginCustomWaitStepView.xib in Resources */,
				E290FB1D24FF4BBA00D19BE9 /* GoogleService-Info.plist in Resources */,
			);
			runOnlyForDeploymentPostprocessing = 0;
		};
/* End PBXResourcesBuildPhase section */

/* Begin PBXShellScriptBuildPhase section */
		8A9C87B89C8DE46EAC03121F /* [CP] Check Pods Manifest.lock */ = {
			isa = PBXShellScriptBuildPhase;
			buildActionMask = 2147483647;
			files = (
			);
			inputFileListPaths = (
			);
			inputPaths = (
				"${PODS_PODFILE_DIR_PATH}/Podfile.lock",
				"${PODS_ROOT}/Manifest.lock",
			);
			name = "[CP] Check Pods Manifest.lock";
			outputFileListPaths = (
			);
			outputPaths = (
				"$(DERIVED_FILE_DIR)/Pods-Cognostic-checkManifestLockResult.txt",
			);
			runOnlyForDeploymentPostprocessing = 0;
			shellPath = /bin/sh;
			shellScript = "diff \"${PODS_PODFILE_DIR_PATH}/Podfile.lock\" \"${PODS_ROOT}/Manifest.lock\" > /dev/null\nif [ $? != 0 ] ; then\n    # print error to STDERR\n    echo \"error: The sandbox is not in sync with the Podfile.lock. Run 'pod install' or update your CocoaPods installation.\" >&2\n    exit 1\nfi\n# This output is used by Xcode 'outputs' to avoid re-running this script phase.\necho \"SUCCESS\" > \"${SCRIPT_OUTPUT_FILE_0}\"\n";
			showEnvVarsInLog = 0;
		};
		8E740AF552D1351413D250C9 /* [CP] Embed Pods Frameworks */ = {
			isa = PBXShellScriptBuildPhase;
			buildActionMask = 2147483647;
			files = (
			);
			inputPaths = (
				"${PODS_ROOT}/Target Support Files/Pods-Cognostic/Pods-Cognostic-frameworks.sh",
				"${BUILT_PRODUCTS_DIR}/BoringSSL-GRPC/openssl_grpc.framework",
				"${BUILT_PRODUCTS_DIR}/CardinalKit/CardinalKit.framework",
				"${BUILT_PRODUCTS_DIR}/FirebaseAuth/FirebaseAuth.framework",
				"${BUILT_PRODUCTS_DIR}/FirebaseCore/FirebaseCore.framework",
				"${BUILT_PRODUCTS_DIR}/FirebaseCoreDiagnostics/FirebaseCoreDiagnostics.framework",
				"${BUILT_PRODUCTS_DIR}/FirebaseDynamicLinks/FirebaseDynamicLinks.framework",
				"${BUILT_PRODUCTS_DIR}/FirebaseFirestore/FirebaseFirestore.framework",
				"${BUILT_PRODUCTS_DIR}/FirebaseStorage/FirebaseStorage.framework",
				"${BUILT_PRODUCTS_DIR}/GTMSessionFetcher/GTMSessionFetcher.framework",
				"${BUILT_PRODUCTS_DIR}/GoogleDataTransport/GoogleDataTransport.framework",
				"${BUILT_PRODUCTS_DIR}/GoogleUtilities/GoogleUtilities.framework",
				"${BUILT_PRODUCTS_DIR}/ObjectMapper/ObjectMapper.framework",
				"${BUILT_PRODUCTS_DIR}/PromisesObjC/FBLPromises.framework",
				"${BUILT_PRODUCTS_DIR}/ReachabilitySwift/ReachabilitySwift.framework",
				"${BUILT_PRODUCTS_DIR}/Realm/Realm.framework",
				"${BUILT_PRODUCTS_DIR}/RealmSwift/RealmSwift.framework",
				"${BUILT_PRODUCTS_DIR}/ResearchKit/ResearchKit.framework",
				"${BUILT_PRODUCTS_DIR}/SAMKeychain/SAMKeychain.framework",
				"${BUILT_PRODUCTS_DIR}/SwiftyJSON/SwiftyJSON.framework",
				"${BUILT_PRODUCTS_DIR}/Zip/Zip.framework",
				"${BUILT_PRODUCTS_DIR}/abseil/absl.framework",
				"${BUILT_PRODUCTS_DIR}/gRPC-C++/grpcpp.framework",
				"${BUILT_PRODUCTS_DIR}/gRPC-Core/grpc.framework",
				"${BUILT_PRODUCTS_DIR}/leveldb-library/leveldb.framework",
				"${BUILT_PRODUCTS_DIR}/nanopb/nanopb.framework",
			);
			name = "[CP] Embed Pods Frameworks";
			outputPaths = (
				"${TARGET_BUILD_DIR}/${FRAMEWORKS_FOLDER_PATH}/openssl_grpc.framework",
				"${TARGET_BUILD_DIR}/${FRAMEWORKS_FOLDER_PATH}/CardinalKit.framework",
				"${TARGET_BUILD_DIR}/${FRAMEWORKS_FOLDER_PATH}/FirebaseAuth.framework",
				"${TARGET_BUILD_DIR}/${FRAMEWORKS_FOLDER_PATH}/FirebaseCore.framework",
				"${TARGET_BUILD_DIR}/${FRAMEWORKS_FOLDER_PATH}/FirebaseCoreDiagnostics.framework",
				"${TARGET_BUILD_DIR}/${FRAMEWORKS_FOLDER_PATH}/FirebaseDynamicLinks.framework",
				"${TARGET_BUILD_DIR}/${FRAMEWORKS_FOLDER_PATH}/FirebaseFirestore.framework",
				"${TARGET_BUILD_DIR}/${FRAMEWORKS_FOLDER_PATH}/FirebaseStorage.framework",
				"${TARGET_BUILD_DIR}/${FRAMEWORKS_FOLDER_PATH}/GTMSessionFetcher.framework",
				"${TARGET_BUILD_DIR}/${FRAMEWORKS_FOLDER_PATH}/GoogleDataTransport.framework",
				"${TARGET_BUILD_DIR}/${FRAMEWORKS_FOLDER_PATH}/GoogleUtilities.framework",
				"${TARGET_BUILD_DIR}/${FRAMEWORKS_FOLDER_PATH}/ObjectMapper.framework",
				"${TARGET_BUILD_DIR}/${FRAMEWORKS_FOLDER_PATH}/FBLPromises.framework",
				"${TARGET_BUILD_DIR}/${FRAMEWORKS_FOLDER_PATH}/ReachabilitySwift.framework",
				"${TARGET_BUILD_DIR}/${FRAMEWORKS_FOLDER_PATH}/Realm.framework",
				"${TARGET_BUILD_DIR}/${FRAMEWORKS_FOLDER_PATH}/RealmSwift.framework",
				"${TARGET_BUILD_DIR}/${FRAMEWORKS_FOLDER_PATH}/ResearchKit.framework",
				"${TARGET_BUILD_DIR}/${FRAMEWORKS_FOLDER_PATH}/SAMKeychain.framework",
				"${TARGET_BUILD_DIR}/${FRAMEWORKS_FOLDER_PATH}/SwiftyJSON.framework",
				"${TARGET_BUILD_DIR}/${FRAMEWORKS_FOLDER_PATH}/Zip.framework",
				"${TARGET_BUILD_DIR}/${FRAMEWORKS_FOLDER_PATH}/absl.framework",
				"${TARGET_BUILD_DIR}/${FRAMEWORKS_FOLDER_PATH}/grpcpp.framework",
				"${TARGET_BUILD_DIR}/${FRAMEWORKS_FOLDER_PATH}/grpc.framework",
				"${TARGET_BUILD_DIR}/${FRAMEWORKS_FOLDER_PATH}/leveldb.framework",
				"${TARGET_BUILD_DIR}/${FRAMEWORKS_FOLDER_PATH}/nanopb.framework",
			);
			runOnlyForDeploymentPostprocessing = 0;
			shellPath = /bin/sh;
			shellScript = "\"${PODS_ROOT}/Target Support Files/Pods-Cognostic/Pods-Cognostic-frameworks.sh\"\n";
			showEnvVarsInLog = 0;
		};
/* End PBXShellScriptBuildPhase section */

/* Begin PBXSourcesBuildPhase section */
		607FACCC1AFB9204008FA782 /* Sources */ = {
			isa = PBXSourcesBuildPhase;
			buildActionMask = 2147483647;
			files = (
				D28BBADA261A915A0074C560 /* ScheduleViewControllerRepresentable.swift in Sources */,
				D283AB19260A0B7100637663 /* CKHealthRecordsStepViewController.swift in Sources */,
				D283AAFB26094C8900637663 /* CKHealthKitManager.swift in Sources */,
				E2DF9F0A2500C9CE00A93B93 /* LoginViewController.swift in Sources */,
				D253D119250CA7C400A363E4 /* PasscodeVC.swift in Sources */,
				D286ECBE250E0A4800815EED /* StudyItem.swift in Sources */,
				D283AB0426094C8900637663 /* Metrics.swift in Sources */,
				D283AB0026094C8900637663 /* CKCareKitManager+Sample.swift in Sources */,
				D286ECC3250E0ABF00815EED /* TaskVC.swift in Sources */,
				E29143FC24E74AD100EE97B2 /* OnboardingUI.swift in Sources */,
				8E0A43C0244A4A0400656518 /* PasswordlessLoginStep.swift in Sources */,
				D283AAF626094C8900637663 /* ORKESerialization.m in Sources */,
				D283AAFC26094C8900637663 /* CKNetworkManager.swift in Sources */,
				A04B9C5F250E9597006D0D3F /* StatisticsView.swift in Sources */,
				D286ECC0250E0A6500815EED /* DocumentPreview.swift in Sources */,
				D253D11D250CAAD200A363E4 /* WebsiteView.swift in Sources */,
				D283AAF926094C8900637663 /* CKStudyUser.swift in Sources */,
				D253D127250CB57600A363E4 /* WithdrawalVC.swift in Sources */,
				D286ECBC250E0A1500815EED /* ActivitiesView.swift in Sources */,
				D283AAF326094C8900637663 /* CKConfig.swift in Sources */,
				D244F564261B934B0027D011 /* ProfileDataLoader.swift in Sources */,
				D253D12B250CD16400A363E4 /* PageView.swift in Sources */,
				D28BBADC261A915A0074C560 /* SurveyItemViewController.swift in Sources */,
				D283AB152609586500637663 /* SceneDelegate+CardinalKit.swift in Sources */,
				A04B9C61250E96DE006D0D3F /* StatisticsBubble.swift in Sources */,
				D286ECB6250DE9EF00815EED /* PlainList.swift in Sources */,
				D2E95303261D2F8B00BD147B /* List+GroupedStyle.swift in Sources */,
				D283AB0226094C8900637663 /* CKCareKitManager.swift in Sources */,
				D28BBAD9261A915A0074C560 /* ScheduleViewController.swift in Sources */,
				8E0A43B3244A4A0400656518 /* StudyTasks.swift in Sources */,
				D283AAFE26094C8900637663 /* Extensions+UIColor.swift in Sources */,
				D283AAFD26094C8900637663 /* CKSendHelper.swift in Sources */,
				D253D11F250CAC8E00A363E4 /* ConsentDocumentView.swift in Sources */,
				E2DF9F062500B9F000A93B93 /* LoginStep.swift in Sources */,
				8EBE6F9C24B3C0E60093D07C /* AppDelegate+CardinalKit.swift in Sources */,
				D253D129250CBF2800A363E4 /* PhoneView.swift in Sources */,
				8E0A43B9244A4A0400656518 /* AppDelegate.swift in Sources */,
				D2752F45261CEFAD0083AF27 /* Image+SFSymbol.swift in Sources */,
				D283AAF426094C8900637663 /* CKPropertyReader.swift in Sources */,
				D28BBADB261A915A0074C560 /* TipView.swift in Sources */,
				D286ECC5250E0E0700815EED /* Extensions.swift in Sources */,
				D253D115250CA2FF00A363E4 /* ProfileView.swift in Sources */,
				A04B9C63250E9B57006D0D3F /* DetailGraphView.swift in Sources */,
				D283AAFF26094C8900637663 /* EmailHelper.swift in Sources */,
				D283AB0126094C8900637663 /* CKCareKitRemoteSyncWithFirestore.swift in Sources */,
				D253D125250CB3AF00A363E4 /* EmailView.swift in Sources */,
				D283AAFA26094C8900637663 /* CKHealthRecordsManager.swift in Sources */,
				D283AAF826094C8900637663 /* CKUploadToGCPTaskViewControllerDelegate.swift in Sources */,
				8E0A43B5244A4A0400656518 /* StudyTableItem.swift in Sources */,
				D283AAF726094C8900637663 /* ConsentDocument.swift in Sources */,
				F7962D8C261E3E5C00DA30B1 /* CareKitChartViews.swift in Sources */,
				8E0A43AD244A4A0400656518 /* Constants.swift in Sources */,
				D244F562261B8EBA0027D011 /* CurrentDate.swift in Sources */,
				D2093CCA250EC8FF001583A8 /* PlainNavigationLink.swift in Sources */,
				D244F4F7261ACB7A0027D011 /* CareKitContactViews.swift in Sources */,
				D28BBAD8261A915A0074C560 /* CareTeamViewControllerRepresentable.swift in Sources */,
				D24ED844260C01B0004A454F /* SettingsView.swift in Sources */,
				8E0A43BE244A4A0400656518 /* CKHealthDataStepViewController.swift in Sources */,
				D2E95305261D317600BD147B /* SpecialThanksView.swift in Sources */,
				D283AB0326094C8900637663 /* Errors.swift in Sources */,
				D286ECB8250E087F00815EED /* HomeView.swift in Sources */,
				D253D117250CA73100A363E4 /* ChangePasscodeView.swift in Sources */,
				D283AAF526094C8900637663 /* CKTaskViewController.swift in Sources */,
				8E0A43C3244A4A0400656518 /* LoginCustomWaitStepViewController.swift in Sources */,
				A04B9C59250D8D1F006D0D3F /* UIData.swift in Sources */,
				A04B9C5B250D9162006D0D3F /* WelcomeNotificationView.swift in Sources */,
				D2752F4C261D07C30083AF27 /* AcknowledgementsView.swift in Sources */,
				E235077724F7082700CC1899 /* SceneDelegate.swift in Sources */,
				D253D12D250CF9C400A363E4 /* CKSignInWithAppleStep.swift in Sources */,
				D286EC97250DC02F00815EED /* LaunchContainerView.swift in Sources */,
				D253D123250CB31F00A363E4 /* WithdrawView.swift in Sources */,
			);
			runOnlyForDeploymentPostprocessing = 0;
		};
/* End PBXSourcesBuildPhase section */

/* Begin PBXVariantGroup section */
		8E0A4389244A4A0400656518 /* LaunchScreen.storyboard */ = {
			isa = PBXVariantGroup;
			children = (
				8E0A438A244A4A0400656518 /* Base */,
			);
			name = LaunchScreen.storyboard;
			sourceTree = "<group>";
		};
/* End PBXVariantGroup section */

/* Begin XCBuildConfiguration section */
		607FACED1AFB9204008FA782 /* Debug */ = {
			isa = XCBuildConfiguration;
			buildSettings = {
				ALWAYS_SEARCH_USER_PATHS = NO;
				CLANG_ANALYZER_LOCALIZABILITY_NONLOCALIZED = YES;
				CLANG_CXX_LANGUAGE_STANDARD = "gnu++0x";
				CLANG_CXX_LIBRARY = "libc++";
				CLANG_ENABLE_MODULES = YES;
				CLANG_ENABLE_OBJC_ARC = YES;
				CLANG_WARN_BLOCK_CAPTURE_AUTORELEASING = YES;
				CLANG_WARN_BOOL_CONVERSION = YES;
				CLANG_WARN_COMMA = YES;
				CLANG_WARN_CONSTANT_CONVERSION = YES;
				CLANG_WARN_DEPRECATED_OBJC_IMPLEMENTATIONS = YES;
				CLANG_WARN_DIRECT_OBJC_ISA_USAGE = YES_ERROR;
				CLANG_WARN_EMPTY_BODY = YES;
				CLANG_WARN_ENUM_CONVERSION = YES;
				CLANG_WARN_INFINITE_RECURSION = YES;
				CLANG_WARN_INT_CONVERSION = YES;
				CLANG_WARN_NON_LITERAL_NULL_CONVERSION = YES;
				CLANG_WARN_OBJC_IMPLICIT_RETAIN_SELF = YES;
				CLANG_WARN_OBJC_LITERAL_CONVERSION = YES;
				CLANG_WARN_OBJC_ROOT_CLASS = YES_ERROR;
				CLANG_WARN_QUOTED_INCLUDE_IN_FRAMEWORK_HEADER = YES;
				CLANG_WARN_RANGE_LOOP_ANALYSIS = YES;
				CLANG_WARN_STRICT_PROTOTYPES = YES;
				CLANG_WARN_SUSPICIOUS_MOVE = YES;
				CLANG_WARN_UNREACHABLE_CODE = YES;
				CLANG_WARN__DUPLICATE_METHOD_MATCH = YES;
				"CODE_SIGN_IDENTITY[sdk=iphoneos*]" = "iPhone Developer";
				COPY_PHASE_STRIP = NO;
				DEBUG_INFORMATION_FORMAT = "dwarf-with-dsym";
				ENABLE_STRICT_OBJC_MSGSEND = YES;
				ENABLE_TESTABILITY = YES;
				GCC_C_LANGUAGE_STANDARD = gnu99;
				GCC_DYNAMIC_NO_PIC = NO;
				GCC_NO_COMMON_BLOCKS = YES;
				GCC_OPTIMIZATION_LEVEL = 0;
				GCC_PREPROCESSOR_DEFINITIONS = (
					"DEBUG=1",
					"$(inherited)",
				);
				GCC_SYMBOLS_PRIVATE_EXTERN = NO;
				GCC_WARN_64_TO_32_BIT_CONVERSION = YES;
				GCC_WARN_ABOUT_RETURN_TYPE = YES_ERROR;
				GCC_WARN_UNDECLARED_SELECTOR = YES;
				GCC_WARN_UNINITIALIZED_AUTOS = YES_AGGRESSIVE;
				GCC_WARN_UNUSED_FUNCTION = YES;
				GCC_WARN_UNUSED_VARIABLE = YES;
				IPHONEOS_DEPLOYMENT_TARGET = 13.0;
				MTL_ENABLE_DEBUG_INFO = YES;
				NEW_SETTING = "";
				ONLY_ACTIVE_ARCH = YES;
				SDKROOT = iphoneos;
				SWIFT_OPTIMIZATION_LEVEL = "-Onone";
			};
			name = Debug;
		};
		607FACEE1AFB9204008FA782 /* Release */ = {
			isa = XCBuildConfiguration;
			buildSettings = {
				ALWAYS_SEARCH_USER_PATHS = NO;
				CLANG_ANALYZER_LOCALIZABILITY_NONLOCALIZED = YES;
				CLANG_CXX_LANGUAGE_STANDARD = "gnu++0x";
				CLANG_CXX_LIBRARY = "libc++";
				CLANG_ENABLE_MODULES = YES;
				CLANG_ENABLE_OBJC_ARC = YES;
				CLANG_WARN_BLOCK_CAPTURE_AUTORELEASING = YES;
				CLANG_WARN_BOOL_CONVERSION = YES;
				CLANG_WARN_COMMA = YES;
				CLANG_WARN_CONSTANT_CONVERSION = YES;
				CLANG_WARN_DEPRECATED_OBJC_IMPLEMENTATIONS = YES;
				CLANG_WARN_DIRECT_OBJC_ISA_USAGE = YES_ERROR;
				CLANG_WARN_EMPTY_BODY = YES;
				CLANG_WARN_ENUM_CONVERSION = YES;
				CLANG_WARN_INFINITE_RECURSION = YES;
				CLANG_WARN_INT_CONVERSION = YES;
				CLANG_WARN_NON_LITERAL_NULL_CONVERSION = YES;
				CLANG_WARN_OBJC_IMPLICIT_RETAIN_SELF = YES;
				CLANG_WARN_OBJC_LITERAL_CONVERSION = YES;
				CLANG_WARN_OBJC_ROOT_CLASS = YES_ERROR;
				CLANG_WARN_QUOTED_INCLUDE_IN_FRAMEWORK_HEADER = YES;
				CLANG_WARN_RANGE_LOOP_ANALYSIS = YES;
				CLANG_WARN_STRICT_PROTOTYPES = YES;
				CLANG_WARN_SUSPICIOUS_MOVE = YES;
				CLANG_WARN_UNREACHABLE_CODE = YES;
				CLANG_WARN__DUPLICATE_METHOD_MATCH = YES;
				"CODE_SIGN_IDENTITY[sdk=iphoneos*]" = "iPhone Developer";
				COPY_PHASE_STRIP = NO;
				DEBUG_INFORMATION_FORMAT = "dwarf-with-dsym";
				ENABLE_NS_ASSERTIONS = NO;
				ENABLE_STRICT_OBJC_MSGSEND = YES;
				GCC_C_LANGUAGE_STANDARD = gnu99;
				GCC_NO_COMMON_BLOCKS = YES;
				GCC_WARN_64_TO_32_BIT_CONVERSION = YES;
				GCC_WARN_ABOUT_RETURN_TYPE = YES_ERROR;
				GCC_WARN_UNDECLARED_SELECTOR = YES;
				GCC_WARN_UNINITIALIZED_AUTOS = YES_AGGRESSIVE;
				GCC_WARN_UNUSED_FUNCTION = YES;
				GCC_WARN_UNUSED_VARIABLE = YES;
				IPHONEOS_DEPLOYMENT_TARGET = 13.0;
				MTL_ENABLE_DEBUG_INFO = NO;
				NEW_SETTING = "";
				SDKROOT = iphoneos;
				SWIFT_COMPILATION_MODE = wholemodule;
				SWIFT_OPTIMIZATION_LEVEL = "-O";
				VALIDATE_PRODUCT = YES;
			};
			name = Release;
		};
		607FACF01AFB9204008FA782 /* Debug */ = {
			isa = XCBuildConfiguration;
			baseConfigurationReference = FEE7C07430DAE66902B2AA79 /* Pods-Cognostic.debug.xcconfig */;
			buildSettings = {
				ASSETCATALOG_COMPILER_APPICON_NAME = AppIcon;
				CLANG_ENABLE_MODULES = YES;
				CODE_SIGN_ENTITLEMENTS = "$(MODULE_NAME).entitlements";
				DEVELOPMENT_TEAM = 2H866F22W7;
				INFOPLIST_FILE = "CardinalKit/Supporting Files/Info.plist";
				IPHONEOS_DEPLOYMENT_TARGET = 13.0;
				LD_RUNPATH_SEARCH_PATHS = (
					"$(inherited)",
					"@executable_path/Frameworks",
				);
				MODULE_NAME = Cognostic;
				PRODUCT_BUNDLE_IDENTIFIER = edu.uw.appdev.trialx;
				PRODUCT_NAME = Cognostic;
				SWIFT_OBJC_BRIDGING_HEADER = "CardinalKit/Supporting Files/$(MODULE_NAME)-Bridging-Header.h";
				SWIFT_OPTIMIZATION_LEVEL = "-Onone";
				SWIFT_VERSION = 5.0;
				TARGETED_DEVICE_FAMILY = "1,2";
			};
			name = Debug;
		};
		607FACF11AFB9204008FA782 /* Release */ = {
			isa = XCBuildConfiguration;
			baseConfigurationReference = 84B1BC9619F880C84FC5CF25 /* Pods-Cognostic.release.xcconfig */;
			buildSettings = {
				ASSETCATALOG_COMPILER_APPICON_NAME = AppIcon;
				CLANG_ENABLE_MODULES = YES;
				CODE_SIGN_ENTITLEMENTS = "$(MODULE_NAME).entitlements";
				DEVELOPMENT_TEAM = 2H866F22W7;
				INFOPLIST_FILE = "CardinalKit/Supporting Files/Info.plist";
				IPHONEOS_DEPLOYMENT_TARGET = 13.0;
				LD_RUNPATH_SEARCH_PATHS = (
					"$(inherited)",
					"@executable_path/Frameworks",
				);
				MODULE_NAME = Cognostic;
				PRODUCT_BUNDLE_IDENTIFIER = edu.uw.appdev.trialx;
				PRODUCT_NAME = Cognostic;
				SWIFT_OBJC_BRIDGING_HEADER = "CardinalKit/Supporting Files/$(MODULE_NAME)-Bridging-Header.h";
				SWIFT_VERSION = 5.0;
				TARGETED_DEVICE_FAMILY = "1,2";
			};
			name = Release;
		};
/* End XCBuildConfiguration section */

/* Begin XCConfigurationList section */
		607FACCB1AFB9204008FA782 /* Build configuration list for PBXProject "CardinalKit" */ = {
			isa = XCConfigurationList;
			buildConfigurations = (
				607FACED1AFB9204008FA782 /* Debug */,
				607FACEE1AFB9204008FA782 /* Release */,
			);
			defaultConfigurationIsVisible = 0;
			defaultConfigurationName = Release;
		};
		607FACEF1AFB9204008FA782 /* Build configuration list for PBXNativeTarget "Cognostic" */ = {
			isa = XCConfigurationList;
			buildConfigurations = (
				607FACF01AFB9204008FA782 /* Debug */,
				607FACF11AFB9204008FA782 /* Release */,
			);
			defaultConfigurationIsVisible = 0;
			defaultConfigurationName = Release;
		};
/* End XCConfigurationList section */

/* Begin XCRemoteSwiftPackageReference section */
		D2752F46261CFD8B0083AF27 /* XCRemoteSwiftPackageReference "AcknowList" */ = {
			isa = XCRemoteSwiftPackageReference;
			repositoryURL = "https://github.com/vtourraine/AcknowList.git";
			requirement = {
				branch = main;
				kind = branch;
			};
		};
		D2B2A0C9261BB14600A9A790 /* XCRemoteSwiftPackageReference "CareKit" */ = {
			isa = XCRemoteSwiftPackageReference;
			repositoryURL = "https://github.com/carekit-apple/CareKit.git";
			requirement = {
				branch = main;
				kind = branch;
			};
		};
		D2BF1B7C260AB3D200B28CDC /* XCRemoteSwiftPackageReference "EFStorage" */ = {
			isa = XCRemoteSwiftPackageReference;
			repositoryURL = "https://github.com/EFPrefix/EFStorage.git";
			requirement = {
				branch = master;
				kind = branch;
			};
		};
/* End XCRemoteSwiftPackageReference section */

/* Begin XCSwiftPackageProductDependency section */
		D24ED840260BAA27004A454F /* EFStorageUserDefaults */ = {
			isa = XCSwiftPackageProductDependency;
			package = D2BF1B7C260AB3D200B28CDC /* XCRemoteSwiftPackageReference "EFStorage" */;
			productName = EFStorageUserDefaults;
		};
		D2752F47261CFD8B0083AF27 /* AcknowList */ = {
			isa = XCSwiftPackageProductDependency;
			package = D2752F46261CFD8B0083AF27 /* XCRemoteSwiftPackageReference "AcknowList" */;
			productName = AcknowList;
		};
		D2B2A0CA261BB14600A9A790 /* CareKitFHIR */ = {
			isa = XCSwiftPackageProductDependency;
			package = D2B2A0C9261BB14600A9A790 /* XCRemoteSwiftPackageReference "CareKit" */;
			productName = CareKitFHIR;
		};
		D2B2A0CC261BB14600A9A790 /* CareKit */ = {
			isa = XCSwiftPackageProductDependency;
			package = D2B2A0C9261BB14600A9A790 /* XCRemoteSwiftPackageReference "CareKit" */;
			productName = CareKit;
		};
		D2B2A0CE261BB14600A9A790 /* CareKitStore */ = {
			isa = XCSwiftPackageProductDependency;
			package = D2B2A0C9261BB14600A9A790 /* XCRemoteSwiftPackageReference "CareKit" */;
			productName = CareKitStore;
		};
		D2B2A0D0261BB14600A9A790 /* CareKitUI */ = {
			isa = XCSwiftPackageProductDependency;
			package = D2B2A0C9261BB14600A9A790 /* XCRemoteSwiftPackageReference "CareKit" */;
			productName = CareKitUI;
		};
		D2BF1B7D260AB3D200B28CDC /* EFStorageKeychainAccess */ = {
			isa = XCSwiftPackageProductDependency;
			package = D2BF1B7C260AB3D200B28CDC /* XCRemoteSwiftPackageReference "EFStorage" */;
			productName = EFStorageKeychainAccess;
		};
/* End XCSwiftPackageProductDependency section */
	};
	rootObject = 607FACC81AFB9204008FA782 /* Project object */;
}
